
Microsoft Visual Studio Solution File, Format Version 12.00
# Visual Studio Version 16
VisualStudioVersion = 16.0.32002.261
MinimumVisualStudioVersion = 10.0.40219.1
Project("{FAE04EC0-301F-11D3-BF4B-00C04F79EFBC}") = "FlagsWarGame", "FlagsWarGame\FlagsWarGame.csproj", "{EB513E9A-59D7-4300-8F58-B296B38B6E21}"
EndProject
Global
	GlobalSection(SolutionConfigurationPlatforms) = preSolution
		Debug|Any CPU = Debug|Any CPU
		Release|Any CPU = Release|Any CPU
	EndGlobalSection
	GlobalSection(ProjectConfigurationPlatforms) = postSolution
		{EB513E9A-59D7-4300-8F58-B296B38B6E21}.Debug|Any CPU.ActiveCfg = Debug|Any CPU
		{EB513E9A-59D7-4300-8F58-B296B38B6E21}.Debug|Any CPU.Build.0 = Debug|Any CPU
		{EB513E9A-59D7-4300-8F58-B296B38B6E21}.Release|Any CPU.ActiveCfg = Release|Any CPU
		{EB513E9A-59D7-4300-8F58-B296B38B6E21}.Release|Any CPU.Build.0 = Release|Any CPU
	EndGlobalSection
	GlobalSection(SolutionProperties) = preSolution
		HideSolutionNode = FALSE
	EndGlobalSection
	GlobalSection(ExtensibilityGlobals) = postSolution
		SolutionGuid = {45FA5156-3D13-4EA3-9C04-DE7285677C43}
	EndGlobalSection
EndGlobal
